
Microsoft Visual Studio Solution File, Format Version 12.00
# Visual Studio 2013
Project("{FAE04EC0-301F-11D3-BF4B-00C04F79EFBC}") = "GameFrameworkDebugger.CSharp", "GameFrameworkDebugger.CSharp.csproj", "{DEE3F8CE-1CA0-E31A-656B-07B75872E6F4}"
EndProject
Project("{FAE04EC0-301F-11D3-BF4B-00C04F79EFBC}") = "GameFrameworkDebugger.CSharp.Editor", "GameFrameworkDebugger.CSharp.Editor.csproj", "{528D760A-9EDA-E41C-B2AD-4381712C9AD8}"
EndProject
Global
	GlobalSection(SolutionConfigurationPlatforms) = preSolution
		Debug|Any CPU = Debug|Any CPU
		Release|Any CPU = Release|Any CPU
	EndGlobalSection
	GlobalSection(ProjectConfigurationPlatforms) = postSolution
		{DEE3F8CE-1CA0-E31A-656B-07B75872E6F4}.Debug|Any CPU.ActiveCfg = Debug|Any CPU
		{DEE3F8CE-1CA0-E31A-656B-07B75872E6F4}.Debug|Any CPU.Build.0 = Debug|Any CPU
		{DEE3F8CE-1CA0-E31A-656B-07B75872E6F4}.Release|Any CPU.ActiveCfg = Release|Any CPU
		{DEE3F8CE-1CA0-E31A-656B-07B75872E6F4}.Release|Any CPU.Build.0 = Release|Any CPU
		{528D760A-9EDA-E41C-B2AD-4381712C9AD8}.Debug|Any CPU.ActiveCfg = Debug|Any CPU
		{528D760A-9EDA-E41C-B2AD-4381712C9AD8}.Debug|Any CPU.Build.0 = Debug|Any CPU
		{528D760A-9EDA-E41C-B2AD-4381712C9AD8}.Release|Any CPU.ActiveCfg = Release|Any CPU
		{528D760A-9EDA-E41C-B2AD-4381712C9AD8}.Release|Any CPU.Build.0 = Release|Any CPU
	EndGlobalSection
	GlobalSection(SolutionProperties) = preSolution
		HideSolutionNode = FALSE
	EndGlobalSection
EndGlobal
